{
  "name": "chess-ai-analyzer",
  "version": "1.0.0",
  "lockfileVersion": 3,
  "requires": true,
  "packages": {
    "": {
      "name": "chess-ai-analyzer",
      "version": "1.0.0",
      "dependencies": {
        "@tencent-ai/workbuddy-cloud-sdk": "^0.1.2-dev.1b37f73.202609222026"
      }
    },
    "node_modules/@tencent-ai/workbuddy-cloud-sdk": {
      "version": "0.1.2-dev.1b37f73.202609222026",
      "resolved": "https://registry.npmjs.org/@tencent-ai/workbuddy-cloud-sdk/-/workbuddy-cloud-sdk-0.1.2-dev.1b37f73.202609222026.tgz",
      "integrity": "sha512-mIp8ws2/og3K1DZO0dlOfG1hVbVqQA2XUQaoCJIcHmb5TS7ybu2yMz/I6bn1gMop9ez6/5nQ/5XfSsq01aGa+A==",
      "license": "MIT",
      "engines": {
        "node": ">=18"
      }
    }
  }
}
